
Microsoft Visual Studio Solution File, Format Version 12.00
# Visual Studio Version 17
VisualStudioVersion = 17.4.33020.496
MinimumVisualStudioVersion = 10.0.40219.1
Project("{9A19103F-16F7-4668-BE54-9A1E7A4F7556}") = "source_7_app", "source_7\source_7_app.csproj", "{10C0F795-849E-4D31-9919-C33A4E846069}"
EndProject
Global
	GlobalSection(SolutionConfigurationPlatforms) = preSolution
		Debug|Any CPU = Debug|Any CPU
		Release|Any CPU = Release|Any CPU
	EndGlobalSection
	GlobalSection(ProjectConfigurationPlatforms) = postSolution
		{10C0F795-849E-4D31-9919-C33A4E846069}.Debug|Any CPU.ActiveCfg = Debug|Any CPU
		{10C0F795-849E-4D31-9919-C33A4E846069}.Debug|Any CPU.Build.0 = Debug|Any CPU
		{10C0F795-849E-4D31-9919-C33A4E846069}.Release|Any CPU.ActiveCfg = Release|Any CPU
		{10C0F795-849E-4D31-9919-C33A4E846069}.Release|Any CPU.Build.0 = Release|Any CPU
	EndGlobalSection
	GlobalSection(SolutionProperties) = preSolution
		HideSolutionNode = FALSE
	EndGlobalSection
	GlobalSection(ExtensibilityGlobals) = postSolution
		SolutionGuid = {BD926103-665A-4F21-BCA7-AB84459CA8B5}
	EndGlobalSection
EndGlobal
